
Microsoft Visual Studio Solution File, Format Version 12.00
# Visual Studio Version 16
VisualStudioVersion = 16.0.30320.27
MinimumVisualStudioVersion = 10.0.40219.1
Project("{FAE04EC0-301F-11D3-BF4B-00C04F79EFBC}") = "Pract4", "Pract4\Pract4.csproj", "{C23A1062-BDE5-427D-9ABF-EBE74FCD672A}"
	ProjectSection(ProjectDependencies) = postProject
		{97107EE9-6F9A-4B2D-A446-C609F09C6E65} = {97107EE9-6F9A-4B2D-A446-C609F09C6E65}
	EndProjectSection
EndProject
Project("{FAE04EC0-301F-11D3-BF4B-00C04F79EFBC}") = "MyDBService", "MyDBService\MyDBService.csproj", "{97107EE9-6F9A-4B2D-A446-C609F09C6E65}"
EndProject
Global
	GlobalSection(SolutionConfigurationPlatforms) = preSolution
		Debug|Any CPU = Debug|Any CPU
		Release|Any CPU = Release|Any CPU
	EndGlobalSection
	GlobalSection(ProjectConfigurationPlatforms) = postSolution
		{C23A1062-BDE5-427D-9ABF-EBE74FCD672A}.Debug|Any CPU.ActiveCfg = Debug|Any CPU
		{C23A1062-BDE5-427D-9ABF-EBE74FCD672A}.Debug|Any CPU.Build.0 = Debug|Any CPU
		{C23A1062-BDE5-427D-9ABF-EBE74FCD672A}.Release|Any CPU.ActiveCfg = Release|Any CPU
		{C23A1062-BDE5-427D-9ABF-EBE74FCD672A}.Release|Any CPU.Build.0 = Release|Any CPU
		{97107EE9-6F9A-4B2D-A446-C609F09C6E65}.Debug|Any CPU.ActiveCfg = Debug|Any CPU
		{97107EE9-6F9A-4B2D-A446-C609F09C6E65}.Debug|Any CPU.Build.0 = Debug|Any CPU
		{97107EE9-6F9A-4B2D-A446-C609F09C6E65}.Release|Any CPU.ActiveCfg = Release|Any CPU
		{97107EE9-6F9A-4B2D-A446-C609F09C6E65}.Release|Any CPU.Build.0 = Release|Any CPU
	EndGlobalSection
	GlobalSection(SolutionProperties) = preSolution
		HideSolutionNode = FALSE
	EndGlobalSection
	GlobalSection(ExtensibilityGlobals) = postSolution
		SolutionGuid = {16F15AB6-7793-4F81-B5BA-25DA04595711}
	EndGlobalSection
EndGlobal
